
Microsoft Visual Studio Solution File, Format Version 12.00
# Visual Studio Version 16
VisualStudioVersion = 16.0.29424.173
MinimumVisualStudioVersion = 10.0.40219.1
Project("{FAE04EC0-301F-11D3-BF4B-00C04F79EFBC}") = "LearningBitArray", "LearningBitArray\LearningBitArray.csproj", "{5AAD0760-2AAE-404C-B22E-E9131DFB86D4}"
EndProject
Global
	GlobalSection(SolutionConfigurationPlatforms) = preSolution
		Debug|Any CPU = Debug|Any CPU
		Release|Any CPU = Release|Any CPU
	EndGlobalSection
	GlobalSection(ProjectConfigurationPlatforms) = postSolution
		{5AAD0760-2AAE-404C-B22E-E9131DFB86D4}.Debug|Any CPU.ActiveCfg = Debug|Any CPU
		{5AAD0760-2AAE-404C-B22E-E9131DFB86D4}.Debug|Any CPU.Build.0 = Debug|Any CPU
		{5AAD0760-2AAE-404C-B22E-E9131DFB86D4}.Release|Any CPU.ActiveCfg = Release|Any CPU
		{5AAD0760-2AAE-404C-B22E-E9131DFB86D4}.Release|Any CPU.Build.0 = Release|Any CPU
	EndGlobalSection
	GlobalSection(SolutionProperties) = preSolution
		HideSolutionNode = FALSE
	EndGlobalSection
	GlobalSection(ExtensibilityGlobals) = postSolution
		SolutionGuid = {E65A3F5F-5CBF-40A0-9B73-D458C67520EC}
	EndGlobalSection
EndGlobal
